
Microsoft Visual Studio Solution File, Format Version 12.00
# Visual Studio Version 17
VisualStudioVersion = 17.9.34607.119
MinimumVisualStudioVersion = 10.0.40219.1
Project("{FAE04EC0-301F-11D3-BF4B-00C04F79EFBC}") = "JokesWebApp", "JokesWebApp.csproj", "{90226412-EF64-41DE-BA5E-928ACE030737}"
EndProject
Global
	GlobalSection(SolutionConfigurationPlatforms) = preSolution
		Debug|Any CPU = Debug|Any CPU
		Release|Any CPU = Release|Any CPU
	EndGlobalSection
	GlobalSection(ProjectConfigurationPlatforms) = postSolution
		{90226412-EF64-41DE-BA5E-928ACE030737}.Debug|Any CPU.ActiveCfg = Debug|Any CPU
		{90226412-EF64-41DE-BA5E-928ACE030737}.Debug|Any CPU.Build.0 = Debug|Any CPU
		{90226412-EF64-41DE-BA5E-928ACE030737}.Release|Any CPU.ActiveCfg = Release|Any CPU
		{90226412-EF64-41DE-BA5E-928ACE030737}.Release|Any CPU.Build.0 = Release|Any CPU
	EndGlobalSection
	GlobalSection(SolutionProperties) = preSolution
		HideSolutionNode = FALSE
	EndGlobalSection
	GlobalSection(ExtensibilityGlobals) = postSolution
		SolutionGuid = {0BB6F1AF-599A-4EEE-A6AA-FE1543D628D7}
	EndGlobalSection
EndGlobal
